
Microsoft Visual Studio Solution File, Format Version 12.00
# Visual Studio Version 17
VisualStudioVersion = 17.4.33213.308
MinimumVisualStudioVersion = 10.0.40219.1
Project("{FAE04EC0-301F-11D3-BF4B-00C04F79EFBC}") = "Conditional Statements", "Conditional Statements\Conditional Statements.csproj", "{AAE03799-D8A8-47C8-897A-854C28F14E70}"
EndProject
Global
	GlobalSection(SolutionConfigurationPlatforms) = preSolution
		Debug|Any CPU = Debug|Any CPU
		Release|Any CPU = Release|Any CPU
	EndGlobalSection
	GlobalSection(ProjectConfigurationPlatforms) = postSolution
		{AAE03799-D8A8-47C8-897A-854C28F14E70}.Debug|Any CPU.ActiveCfg = Debug|Any CPU
		{AAE03799-D8A8-47C8-897A-854C28F14E70}.Debug|Any CPU.Build.0 = Debug|Any CPU
		{AAE03799-D8A8-47C8-897A-854C28F14E70}.Release|Any CPU.ActiveCfg = Release|Any CPU
		{AAE03799-D8A8-47C8-897A-854C28F14E70}.Release|Any CPU.Build.0 = Release|Any CPU
	EndGlobalSection
	GlobalSection(SolutionProperties) = preSolution
		HideSolutionNode = FALSE
	EndGlobalSection
	GlobalSection(ExtensibilityGlobals) = postSolution
		SolutionGuid = {3DD37D6F-E853-4A79-98D1-E88D17FA1E8F}
	EndGlobalSection
EndGlobal
